
Microsoft Visual Studio Solution File, Format Version 12.00
Project("{FAE04EC0-301F-11D3-BF4B-00C04F79EFBC}") = "Tapor.Api", "Tapor.Api\Tapor.Api.csproj", "{9F6504E4-2B99-4EA5-954C-46E817BFBFB4}"
EndProject
Project("{FAE04EC0-301F-11D3-BF4B-00C04F79EFBC}") = "Tapor.DB", "Tapor.DB\Tapor.DB.csproj", "{E0F9C731-1D5F-4A71-A7EE-277B15FFCC72}"
EndProject
Project("{FAE04EC0-301F-11D3-BF4B-00C04F79EFBC}") = "Tapor.Shared", "Tapor.Shared\Tapor.Shared.csproj", "{7D559916-27AA-43F4-903A-F89F286F6572}"
EndProject
Project("{FAE04EC0-301F-11D3-BF4B-00C04F79EFBC}") = "Tapor.Services", "Tapor.Services\Tapor.Services.csproj", "{08DB4A11-5D76-42E4-99D2-F6D7A259C250}"
EndProject
Project("{FAE04EC0-301F-11D3-BF4B-00C04F79EFBC}") = "Tapor.Services.Tests", "Tapor.Services.Tests\Tapor.Services.Tests.csproj", "{BAC21CAF-26BE-44EF-8EED-C0283B168AC8}"
EndProject
Project("{FAE04EC0-301F-11D3-BF4B-00C04F79EFBC}") = "Tapor.DB.Tests", "Tapor.DB.Tests\Tapor.DB.Tests.csproj", "{D2A446A8-45B6-49B9-919D-0FD846EAC211}"
EndProject
Global
	GlobalSection(SolutionConfigurationPlatforms) = preSolution
		Debug|Any CPU = Debug|Any CPU
		Release|Any CPU = Release|Any CPU
	EndGlobalSection
	GlobalSection(ProjectConfigurationPlatforms) = postSolution
		{9F6504E4-2B99-4EA5-954C-46E817BFBFB4}.Debug|Any CPU.ActiveCfg = Debug|Any CPU
		{9F6504E4-2B99-4EA5-954C-46E817BFBFB4}.Debug|Any CPU.Build.0 = Debug|Any CPU
		{9F6504E4-2B99-4EA5-954C-46E817BFBFB4}.Release|Any CPU.ActiveCfg = Release|Any CPU
		{9F6504E4-2B99-4EA5-954C-46E817BFBFB4}.Release|Any CPU.Build.0 = Release|Any CPU
		{E0F9C731-1D5F-4A71-A7EE-277B15FFCC72}.Debug|Any CPU.ActiveCfg = Debug|Any CPU
		{E0F9C731-1D5F-4A71-A7EE-277B15FFCC72}.Debug|Any CPU.Build.0 = Debug|Any CPU
		{E0F9C731-1D5F-4A71-A7EE-277B15FFCC72}.Release|Any CPU.ActiveCfg = Release|Any CPU
		{E0F9C731-1D5F-4A71-A7EE-277B15FFCC72}.Release|Any CPU.Build.0 = Release|Any CPU
		{7D559916-27AA-43F4-903A-F89F286F6572}.Debug|Any CPU.ActiveCfg = Debug|Any CPU
		{7D559916-27AA-43F4-903A-F89F286F6572}.Debug|Any CPU.Build.0 = Debug|Any CPU
		{7D559916-27AA-43F4-903A-F89F286F6572}.Release|Any CPU.ActiveCfg = Release|Any CPU
		{7D559916-27AA-43F4-903A-F89F286F6572}.Release|Any CPU.Build.0 = Release|Any CPU
		{08DB4A11-5D76-42E4-99D2-F6D7A259C250}.Debug|Any CPU.ActiveCfg = Debug|Any CPU
		{08DB4A11-5D76-42E4-99D2-F6D7A259C250}.Debug|Any CPU.Build.0 = Debug|Any CPU
		{08DB4A11-5D76-42E4-99D2-F6D7A259C250}.Release|Any CPU.ActiveCfg = Release|Any CPU
		{08DB4A11-5D76-42E4-99D2-F6D7A259C250}.Release|Any CPU.Build.0 = Release|Any CPU
		{BAC21CAF-26BE-44EF-8EED-C0283B168AC8}.Debug|Any CPU.ActiveCfg = Debug|Any CPU
		{BAC21CAF-26BE-44EF-8EED-C0283B168AC8}.Debug|Any CPU.Build.0 = Debug|Any CPU
		{BAC21CAF-26BE-44EF-8EED-C0283B168AC8}.Release|Any CPU.ActiveCfg = Release|Any CPU
		{BAC21CAF-26BE-44EF-8EED-C0283B168AC8}.Release|Any CPU.Build.0 = Release|Any CPU
		{D2A446A8-45B6-49B9-919D-0FD846EAC211}.Debug|Any CPU.ActiveCfg = Debug|Any CPU
		{D2A446A8-45B6-49B9-919D-0FD846EAC211}.Debug|Any CPU.Build.0 = Debug|Any CPU
		{D2A446A8-45B6-49B9-919D-0FD846EAC211}.Release|Any CPU.ActiveCfg = Release|Any CPU
		{D2A446A8-45B6-49B9-919D-0FD846EAC211}.Release|Any CPU.Build.0 = Release|Any CPU
	EndGlobalSection
EndGlobal
