
Microsoft Visual Studio Solution File, Format Version 12.00
Project("{FAE04EC0-301F-11D3-BF4B-00C04F79EFBC}") = "Tapor.Api", "Tapor.Api\Tapor.Api.csproj", "{9F6504E4-2B99-4EA5-954C-46E817BFBFB4}"
EndProject
Global
	GlobalSection(SolutionConfigurationPlatforms) = preSolution
		Debug|Any CPU = Debug|Any CPU
		Release|Any CPU = Release|Any CPU
	EndGlobalSection
	GlobalSection(ProjectConfigurationPlatforms) = postSolution
		{9F6504E4-2B99-4EA5-954C-46E817BFBFB4}.Debug|Any CPU.ActiveCfg = Debug|Any CPU
		{9F6504E4-2B99-4EA5-954C-46E817BFBFB4}.Debug|Any CPU.Build.0 = Debug|Any CPU
		{9F6504E4-2B99-4EA5-954C-46E817BFBFB4}.Release|Any CPU.ActiveCfg = Release|Any CPU
		{9F6504E4-2B99-4EA5-954C-46E817BFBFB4}.Release|Any CPU.Build.0 = Release|Any CPU
	EndGlobalSection
EndGlobal
